
Microsoft Visual Studio Solution File, Format Version 12.00
# Visual Studio Version 17
VisualStudioVersion = 17.4.33403.182
MinimumVisualStudioVersion = 10.0.40219.1
Project("{FAE04EC0-301F-11D3-BF4B-00C04F79EFBC}") = "ex11(2.0)", "ex11(2.0)\ex11(2.0).csproj", "{1DD983A4-EB48-43C0-960A-0EDD812D68C1}"
EndProject
Global
	GlobalSection(SolutionConfigurationPlatforms) = preSolution
		Debug|Any CPU = Debug|Any CPU
		Release|Any CPU = Release|Any CPU
	EndGlobalSection
	GlobalSection(ProjectConfigurationPlatforms) = postSolution
		{1DD983A4-EB48-43C0-960A-0EDD812D68C1}.Debug|Any CPU.ActiveCfg = Debug|Any CPU
		{1DD983A4-EB48-43C0-960A-0EDD812D68C1}.Debug|Any CPU.Build.0 = Debug|Any CPU
		{1DD983A4-EB48-43C0-960A-0EDD812D68C1}.Release|Any CPU.ActiveCfg = Release|Any CPU
		{1DD983A4-EB48-43C0-960A-0EDD812D68C1}.Release|Any CPU.Build.0 = Release|Any CPU
	EndGlobalSection
	GlobalSection(SolutionProperties) = preSolution
		HideSolutionNode = FALSE
	EndGlobalSection
	GlobalSection(ExtensibilityGlobals) = postSolution
		SolutionGuid = {74866D27-A350-4CD0-B017-93577E1FC2CC}
	EndGlobalSection
EndGlobal
